
Microsoft Visual Studio Solution File, Format Version 12.00
# Visual Studio Version 17
VisualStudioVersion = 17.11.35312.102
MinimumVisualStudioVersion = 10.0.40219.1
Project("{FAE04EC0-301F-11D3-BF4B-00C04F79EFBC}") = "Vopros2", "Vopros2\Vopros2.csproj", "{5792CA6F-4272-4F5D-AD68-59FB99916282}"
EndProject
Global
	GlobalSection(SolutionConfigurationPlatforms) = preSolution
		Debug|Any CPU = Debug|Any CPU
		Release|Any CPU = Release|Any CPU
	EndGlobalSection
	GlobalSection(ProjectConfigurationPlatforms) = postSolution
		{5792CA6F-4272-4F5D-AD68-59FB99916282}.Debug|Any CPU.ActiveCfg = Debug|Any CPU
		{5792CA6F-4272-4F5D-AD68-59FB99916282}.Debug|Any CPU.Build.0 = Debug|Any CPU
		{5792CA6F-4272-4F5D-AD68-59FB99916282}.Release|Any CPU.ActiveCfg = Release|Any CPU
		{5792CA6F-4272-4F5D-AD68-59FB99916282}.Release|Any CPU.Build.0 = Release|Any CPU
	EndGlobalSection
	GlobalSection(SolutionProperties) = preSolution
		HideSolutionNode = FALSE
	EndGlobalSection
	GlobalSection(ExtensibilityGlobals) = postSolution
		SolutionGuid = {9ADAEE7B-791E-4998-8F76-B5954F9119F4}
	EndGlobalSection
EndGlobal
